{
  "name": "@dxtintx/sout4js",
  "version": "1.0.0",
  "lockfileVersion": 3,
  "requires": true,
  "packages": {
    "": {
      "name": "@dxtintx/sout4js",
      "version": "1.0.0",
      "license": "MIT",
      "dependencies": {
        "@dxtintx/sout4js": "^1.0.0"
      }
    },
    "node_modules/@dxtintx/sout4js": {
      "version": "1.0.0",
      "resolved": "https://registry.npmjs.org/@dxtintx/sout4js/-/sout4js-1.0.0.tgz",
      "integrity": "sha512-TtrOwyeDfsU0NM53Uotn8ybKk/XguqZY1RCHgg4uIgG1u/4TJMLvhZ0Sm2cHbZB8xLdt4mFvkMpNxSx5Pi70Yg=="
    }
  }
}
