{
    "name": "@dxtintx/sout4js",
    "version": "2.2.4",
    "lockfileVersion": 3,
    "requires": true,
    "packages": {
        "": {
            "name": "@dxtintx/sout4js",
            "version": "2.2.4",
            "license": "Apache-2.0",
            "dependencies": {
                "@dxtintx/sout4js": "file:"
            }
        },
        "node_modules/@dxtintx/sout4js": {
            "resolved": "",
            "link": true
        }
    }
}
